
Microsoft Visual Studio Solution File, Format Version 12.00
# Visual Studio Version 17
VisualStudioVersion = 17.14.37411.7 d17.14
MinimumVisualStudioVersion = 10.0.40219.1
Project("{FAE04EC0-301F-11D3-BF4B-00C04F79EFBC}") = "AutoPrint", "AutoPrint.csproj", "{7F58F1DD-2E37-4AF2-9CA2-6AE3BA37CD42}"
EndProject
Global
	GlobalSection(SolutionConfigurationPlatforms) = preSolution
		Debug|Any CPU = Debug|Any CPU
		Release|Any CPU = Release|Any CPU
	EndGlobalSection
	GlobalSection(ProjectConfigurationPlatforms) = postSolution
		{7F58F1DD-2E37-4AF2-9CA2-6AE3BA37CD42}.Debug|Any CPU.ActiveCfg = Debug|Any CPU
		{7F58F1DD-2E37-4AF2-9CA2-6AE3BA37CD42}.Debug|Any CPU.Build.0 = Debug|Any CPU
		{7F58F1DD-2E37-4AF2-9CA2-6AE3BA37CD42}.Release|Any CPU.ActiveCfg = Release|Any CPU
		{7F58F1DD-2E37-4AF2-9CA2-6AE3BA37CD42}.Release|Any CPU.Build.0 = Release|Any CPU
	EndGlobalSection
	GlobalSection(SolutionProperties) = preSolution
		HideSolutionNode = FALSE
	EndGlobalSection
	GlobalSection(ExtensibilityGlobals) = postSolution
		SolutionGuid = {86F6CDD1-DB7C-403A-AD26-D3953E789879}
	EndGlobalSection
EndGlobal
